
Microsoft Visual Studio Solution File, Format Version 12.00
# Visual Studio Version 16
VisualStudioVersion = 16.0.32929.386
MinimumVisualStudioVersion = 10.0.40219.1
Project("{FAE04EC0-301F-11D3-BF4B-00C04F79EFBC}") = "Saaf_City", "Saaf_City.csproj", "{8C3B4907-BB8A-4228-A01E-B9AB7EA22DBC}"
EndProject
Global
	GlobalSection(SolutionConfigurationPlatforms) = preSolution
		Debug|Any CPU = Debug|Any CPU
		Release|Any CPU = Release|Any CPU
	EndGlobalSection
	GlobalSection(ProjectConfigurationPlatforms) = postSolution
		{8C3B4907-BB8A-4228-A01E-B9AB7EA22DBC}.Debug|Any CPU.ActiveCfg = Debug|Any CPU
		{8C3B4907-BB8A-4228-A01E-B9AB7EA22DBC}.Debug|Any CPU.Build.0 = Debug|Any CPU
		{8C3B4907-BB8A-4228-A01E-B9AB7EA22DBC}.Release|Any CPU.ActiveCfg = Release|Any CPU
		{8C3B4907-BB8A-4228-A01E-B9AB7EA22DBC}.Release|Any CPU.Build.0 = Release|Any CPU
	EndGlobalSection
	GlobalSection(SolutionProperties) = preSolution
		HideSolutionNode = FALSE
	EndGlobalSection
	GlobalSection(ExtensibilityGlobals) = postSolution
		SolutionGuid = {2F9D44EA-AE55-4DAC-807E-8ADC43C08246}
	EndGlobalSection
EndGlobal
